// !$*UTF8*$!
{
	archiveVersion = 1;
	classes = {
	};
	objectVersion = 46;
	objects = {

/* Begin PBXBuildFile section */
		041B0D2C1B2493290051C528 /* SMS_SDK.framework in Frameworks */ = {isa = PBXBuildFile; fileRef = 041B0D2B1B2493290051C528 /* SMS_SDK.framework */; };
		041B0D2E1B2497DB0051C528 /* libicucore.dylib in Frameworks */ = {isa = PBXBuildFile; fileRef = 041B0D2D1B2497DB0051C528 /* libicucore.dylib */; };
		041B0D301B2497F20051C528 /* libz.dylib in Frameworks */ = {isa = PBXBuildFile; fileRef = 041B0D2F1B2497F20051C528 /* libz.dylib */; };
		041B0D321B2497FA0051C528 /* MessageUI.framework in Frameworks */ = {isa = PBXBuildFile; fileRef = 041B0D311B2497FA0051C528 /* MessageUI.framework */; };
		041B0D341B2498050051C528 /* SystemConfiguration.framework in Frameworks */ = {isa = PBXBuildFile; fileRef = 041B0D331B2498050051C528 /* SystemConfiguration.framework */; };
		043667971B168952009AC914 /* main.m in Sources */ = {isa = PBXBuildFile; fileRef = 043667961B168952009AC914 /* main.m */; };
		0436679A1B168952009AC914 /* AppDelegate.m in Sources */ = {isa = PBXBuildFile; fileRef = 043667991B168952009AC914 /* AppDelegate.m */; };
		043667A51B168952009AC914 /* LaunchScreen.xib in Resources */ = {isa = PBXBuildFile; fileRef = 043667A31B168952009AC914 /* LaunchScreen.xib */; };
		043667B11B168952009AC914 /* Light_iOSTests.m in Sources */ = {isa = PBXBuildFile; fileRef = 043667B01B168952009AC914 /* Light_iOSTests.m */; };
		043667D51B169B56009AC914 /* LightLoginViewController.m in Sources */ = {isa = PBXBuildFile; fileRef = 043667D31B169B56009AC914 /* LightLoginViewController.m */; };
		043667DD1B169B61009AC914 /* blue_login_disable@2x.png in Resources */ = {isa = PBXBuildFile; fileRef = 043667D91B169B61009AC914 /* blue_login_disable@2x.png */; };
		043667DE1B169B61009AC914 /* blue_login_highlight@2x.png in Resources */ = {isa = PBXBuildFile; fileRef = 043667DA1B169B61009AC914 /* blue_login_highlight@2x.png */; };
		043667DF1B169B61009AC914 /* blue_login_normal@2x.png in Resources */ = {isa = PBXBuildFile; fileRef = 043667DB1B169B61009AC914 /* blue_login_normal@2x.png */; };
		043667E01B169B61009AC914 /* operationbox_text@2x.png in Resources */ = {isa = PBXBuildFile; fileRef = 043667DC1B169B61009AC914 /* operationbox_text@2x.png */; };
		043667ED1B16D9B9009AC914 /* Images.xcassets in Resources */ = {isa = PBXBuildFile; fileRef = 043667EC1B16D9B9009AC914 /* Images.xcassets */; };
		043667F91B1A0E1A009AC914 /* LightTextField.m in Sources */ = {isa = PBXBuildFile; fileRef = 043667F81B1A0E1A009AC914 /* LightTextField.m */; };
		043668071B1A1B75009AC914 /* default_icon.png in Resources */ = {isa = PBXBuildFile; fileRef = 043668061B1A1B75009AC914 /* default_icon.png */; };
		043668091B1A2B42009AC914 /* login_background.png in Resources */ = {isa = PBXBuildFile; fileRef = 043668081B1A2B42009AC914 /* login_background.png */; };
		0436680D1B1A3988009AC914 /* LightUser.m in Sources */ = {isa = PBXBuildFile; fileRef = 0436680C1B1A3988009AC914 /* LightUser.m */; };
		0436680F1B1A3FB6009AC914 /* CFNetwork.framework in Frameworks */ = {isa = PBXBuildFile; fileRef = 0436680E1B1A3FB6009AC914 /* CFNetwork.framework */; };
		043668121B1A419A009AC914 /* LightRegisterViewController.m in Sources */ = {isa = PBXBuildFile; fileRef = 043668111B1A419A009AC914 /* LightRegisterViewController.m */; };
		04545CBD1B2745B500E128B2 /* LightIntroPage.m in Sources */ = {isa = PBXBuildFile; fileRef = 04545CBC1B2745B500E128B2 /* LightIntroPage.m */; };
		04545CC01B27461300E128B2 /* LightIntroView.m in Sources */ = {isa = PBXBuildFile; fileRef = 04545CBF1B27461300E128B2 /* LightIntroView.m */; };
		04545CC31B27467D00E128B2 /* LightIntroViewController.m in Sources */ = {isa = PBXBuildFile; fileRef = 04545CC21B27467D00E128B2 /* LightIntroViewController.m */; };
		04545CDB1B27548C00E128B2 /* LightIndex.m in Sources */ = {isa = PBXBuildFile; fileRef = 04545CDA1B27548C00E128B2 /* LightIndex.m */; };
		04545CDE1B27552700E128B2 /* CommonConfig.m in Sources */ = {isa = PBXBuildFile; fileRef = 04545CDD1B27552700E128B2 /* CommonConfig.m */; };
		04545CE41B27A87D00E128B2 /* Intro01.png in Resources */ = {isa = PBXBuildFile; fileRef = 04545CDF1B27A87D00E128B2 /* Intro01.png */; };
		04545CE51B27A87D00E128B2 /* Intro02.png in Resources */ = {isa = PBXBuildFile; fileRef = 04545CE01B27A87D00E128B2 /* Intro02.png */; };
		04545CE61B27A87D00E128B2 /* Intro03.png in Resources */ = {isa = PBXBuildFile; fileRef = 04545CE11B27A87D00E128B2 /* Intro03.png */; };
		04545CE71B27A87D00E128B2 /* Intro04.png in Resources */ = {isa = PBXBuildFile; fileRef = 04545CE21B27A87D00E128B2 /* Intro04.png */; };
		04545CE81B27A87D00E128B2 /* Intro05.png in Resources */ = {isa = PBXBuildFile; fileRef = 04545CE31B27A87D00E128B2 /* Intro05.png */; };
		046A8CAF1B28B12C00BAAC34 /* IndexCell.m in Sources */ = {isa = PBXBuildFile; fileRef = 046A8CAE1B28B12C00BAAC34 /* IndexCell.m */; };
		049E86961B27AE6B00FF14FF /* LightAPI.m in Sources */ = {isa = PBXBuildFile; fileRef = 049E86951B27AE6B00FF14FF /* LightAPI.m */; };
		04C598591B1C8178004A2FA9 /* ImageScale.m in Sources */ = {isa = PBXBuildFile; fileRef = 04C598581B1C8178004A2FA9 /* ImageScale.m */; };
		04C5986B1B1C835B004A2FA9 /* FanKuiViewController.m in Sources */ = {isa = PBXBuildFile; fileRef = 04C5985C1B1C835B004A2FA9 /* FanKuiViewController.m */; };
		04C5986C1B1C835B004A2FA9 /* GeRenViewController.m in Sources */ = {isa = PBXBuildFile; fileRef = 04C5985E1B1C835B004A2FA9 /* GeRenViewController.m */; };
		04C5986D1B1C835B004A2FA9 /* GuanYuLightViewController.m in Sources */ = {isa = PBXBuildFile; fileRef = 04C598601B1C835B004A2FA9 /* GuanYuLightViewController.m */; };
		04C5986E1B1C835B004A2FA9 /* GuanYuViewController.m in Sources */ = {isa = PBXBuildFile; fileRef = 04C598621B1C835B004A2FA9 /* GuanYuViewController.m */; };
		04C5986F1B1C835B004A2FA9 /* JuanZhuViewController.m in Sources */ = {isa = PBXBuildFile; fileRef = 04C598641B1C835B004A2FA9 /* JuanZhuViewController.m */; };
		04C598701B1C835B004A2FA9 /* SheZhiTableViewController.m in Sources */ = {isa = PBXBuildFile; fileRef = 04C598661B1C835B004A2FA9 /* SheZhiTableViewController.m */; };
		04C598711B1C835B004A2FA9 /* TongZhiTableViewController.m in Sources */ = {isa = PBXBuildFile; fileRef = 04C598681B1C835B004A2FA9 /* TongZhiTableViewController.m */; };
		04C598721B1C835B004A2FA9 /* ZhangHuTableViewController.m in Sources */ = {isa = PBXBuildFile; fileRef = 04C5986A1B1C835B004A2FA9 /* ZhangHuTableViewController.m */; };
		04C598801B1C8368004A2FA9 /* CPYTableViewController.m in Sources */ = {isa = PBXBuildFile; fileRef = 04C598751B1C8368004A2FA9 /* CPYTableViewController.m */; };
		04C598811B1C8368004A2FA9 /* IndexViewController.m in Sources */ = {isa = PBXBuildFile; fileRef = 04C598771B1C8368004A2FA9 /* IndexViewController.m */; };
		04C598821B1C8368004A2FA9 /* KDGTableViewController.m in Sources */ = {isa = PBXBuildFile; fileRef = 04C598791B1C8368004A2FA9 /* KDGTableViewController.m */; };
		04C598831B1C8368004A2FA9 /* LOVETableViewController.m in Sources */ = {isa = PBXBuildFile; fileRef = 04C5987B1B1C8368004A2FA9 /* LOVETableViewController.m */; };
		04C598841B1C8368004A2FA9 /* MSGViewController.m in Sources */ = {isa = PBXBuildFile; fileRef = 04C5987D1B1C8368004A2FA9 /* MSGViewController.m */; };
		04C598851B1C8368004A2FA9 /* ReadMoreViewController.m in Sources */ = {isa = PBXBuildFile; fileRef = 04C5987F1B1C8368004A2FA9 /* ReadMoreViewController.m */; };
		04C598931B1C8377004A2FA9 /* ChangeEmailViewController.m in Sources */ = {isa = PBXBuildFile; fileRef = 04C598881B1C8377004A2FA9 /* ChangeEmailViewController.m */; };
		04C598941B1C8377004A2FA9 /* ChangePayViewController.m in Sources */ = {isa = PBXBuildFile; fileRef = 04C5988A1B1C8377004A2FA9 /* ChangePayViewController.m */; };
		04C598951B1C8377004A2FA9 /* ChangePwdViewController.m in Sources */ = {isa = PBXBuildFile; fileRef = 04C5988C1B1C8377004A2FA9 /* ChangePwdViewController.m */; };
		04C598961B1C8377004A2FA9 /* ChangMobileViewController.m in Sources */ = {isa = PBXBuildFile; fileRef = 04C5988E1B1C8377004A2FA9 /* ChangMobileViewController.m */; };
		04C598971B1C8377004A2FA9 /* CPYListTableViewController.m in Sources */ = {isa = PBXBuildFile; fileRef = 04C598901B1C8377004A2FA9 /* CPYListTableViewController.m */; };
		04C598981B1C8377004A2FA9 /* DetailViewController.m in Sources */ = {isa = PBXBuildFile; fileRef = 04C598921B1C8377004A2FA9 /* DetailViewController.m */; };
		04C598C11B1CA30A004A2FA9 /* KPY_48*48_blue.png in Resources */ = {isa = PBXBuildFile; fileRef = 04C598A31B1CA30A004A2FA9 /* KPY_48*48_blue.png */; };
		04C598C21B1CA30A004A2FA9 /* KPY_48*48_grey.png in Resources */ = {isa = PBXBuildFile; fileRef = 04C598A41B1CA30A004A2FA9 /* KPY_48*48_grey.png */; };
		04C598C71B1CA30A004A2FA9 /* love_48*48_blue.png in Resources */ = {isa = PBXBuildFile; fileRef = 04C598A91B1CA30A004A2FA9 /* love_48*48_blue.png */; };
		04C598C81B1CA30A004A2FA9 /* love_48*48_grey.png in Resources */ = {isa = PBXBuildFile; fileRef = 04C598AA1B1CA30A004A2FA9 /* love_48*48_grey.png */; };
		04C598CD1B1CA30A004A2FA9 /* KDG_48*48_blue.png in Resources */ = {isa = PBXBuildFile; fileRef = 04C598AF1B1CA30A004A2FA9 /* KDG_48*48_blue.png */; };
		04C598CE1B1CA30A004A2FA9 /* KDG_48*48_grey.png in Resources */ = {isa = PBXBuildFile; fileRef = 04C598B01B1CA30A004A2FA9 /* KDG_48*48_grey.png */; };
		04C598D31B1CA30A004A2FA9 /* MSG_48*48_blue.png in Resources */ = {isa = PBXBuildFile; fileRef = 04C598B51B1CA30A004A2FA9 /* MSG_48*48_blue.png */; };
		04C598D41B1CA30A004A2FA9 /* MSG_48*48_grey.png in Resources */ = {isa = PBXBuildFile; fileRef = 04C598B61B1CA30A004A2FA9 /* MSG_48*48_grey.png */; };
		04C598D91B1CA30A004A2FA9 /* index_48*48_blue.png in Resources */ = {isa = PBXBuildFile; fileRef = 04C598BB1B1CA30A004A2FA9 /* index_48*48_blue.png */; };
		04C598DA1B1CA30A004A2FA9 /* index_48*48_grey.png in Resources */ = {isa = PBXBuildFile; fileRef = 04C598BC1B1CA30A004A2FA9 /* index_48*48_grey.png */; };
		04C598EF1B1CA55E004A2FA9 /* index_32*32_blue.png in Resources */ = {isa = PBXBuildFile; fileRef = 04C598DB1B1CA55E004A2FA9 /* index_32*32_blue.png */; };
		04C598F01B1CA55E004A2FA9 /* index_24*24_blue.png in Resources */ = {isa = PBXBuildFile; fileRef = 04C598DC1B1CA55E004A2FA9 /* index_24*24_blue.png */; };
		04C598F11B1CA55E004A2FA9 /* index_24*24_grey.png in Resources */ = {isa = PBXBuildFile; fileRef = 04C598DD1B1CA55E004A2FA9 /* index_24*24_grey.png */; };
		04C598F21B1CA55E004A2FA9 /* index_32*32_grey.png in Resources */ = {isa = PBXBuildFile; fileRef = 04C598DE1B1CA55E004A2FA9 /* index_32*32_grey.png */; };
		04C598F31B1CA55E004A2FA9 /* KDG_24*24_grey.png in Resources */ = {isa = PBXBuildFile; fileRef = 04C598DF1B1CA55E004A2FA9 /* KDG_24*24_grey.png */; };
		04C598F41B1CA55E004A2FA9 /* KDG_32*32_grey.png in Resources */ = {isa = PBXBuildFile; fileRef = 04C598E01B1CA55E004A2FA9 /* KDG_32*32_grey.png */; };
		04C598F51B1CA55E004A2FA9 /* KDG_24*24_blue.png in Resources */ = {isa = PBXBuildFile; fileRef = 04C598E11B1CA55E004A2FA9 /* KDG_24*24_blue.png */; };
		04C598F61B1CA55E004A2FA9 /* KDG_32*32_blue.png in Resources */ = {isa = PBXBuildFile; fileRef = 04C598E21B1CA55E004A2FA9 /* KDG_32*32_blue.png */; };
		04C598F71B1CA55E004A2FA9 /* KPY_24*24_blue.png in Resources */ = {isa = PBXBuildFile; fileRef = 04C598E31B1CA55E004A2FA9 /* KPY_24*24_blue.png */; };
		04C598F81B1CA55E004A2FA9 /* KPY_32*32_blue.png in Resources */ = {isa = PBXBuildFile; fileRef = 04C598E41B1CA55E004A2FA9 /* KPY_32*32_blue.png */; };
		04C598F91B1CA55E004A2FA9 /* KPY_24*24_grey.png in Resources */ = {isa = PBXBuildFile; fileRef = 04C598E51B1CA55E004A2FA9 /* KPY_24*24_grey.png */; };
		04C598FA1B1CA55E004A2FA9 /* KPY_32*32_grey.png in Resources */ = {isa = PBXBuildFile; fileRef = 04C598E61B1CA55E004A2FA9 /* KPY_32*32_grey.png */; };
		04C598FB1B1CA55E004A2FA9 /* MSG_24*24_grey.png in Resources */ = {isa = PBXBuildFile; fileRef = 04C598E71B1CA55E004A2FA9 /* MSG_24*24_grey.png */; };
		04C598FC1B1CA55E004A2FA9 /* MSG_32*32_grey.png in Resources */ = {isa = PBXBuildFile; fileRef = 04C598E81B1CA55E004A2FA9 /* MSG_32*32_grey.png */; };
		04C598FD1B1CA55E004A2FA9 /* MSG_24*24_blue.png in Resources */ = {isa = PBXBuildFile; fileRef = 04C598E91B1CA55E004A2FA9 /* MSG_24*24_blue.png */; };
		04C598FE1B1CA55E004A2FA9 /* MSG_32*32_blue.png in Resources */ = {isa = PBXBuildFile; fileRef = 04C598EA1B1CA55E004A2FA9 /* MSG_32*32_blue.png */; };
		04C598FF1B1CA55E004A2FA9 /* love_24*24_blue.png in Resources */ = {isa = PBXBuildFile; fileRef = 04C598EB1B1CA55E004A2FA9 /* love_24*24_blue.png */; };
		04C599001B1CA55E004A2FA9 /* love_32*32_blue.png in Resources */ = {isa = PBXBuildFile; fileRef = 04C598EC1B1CA55E004A2FA9 /* love_32*32_blue.png */; };
		04C599011B1CA55E004A2FA9 /* love_24*24_grey.png in Resources */ = {isa = PBXBuildFile; fileRef = 04C598ED1B1CA55E004A2FA9 /* love_24*24_grey.png */; };
		04C599021B1CA55E004A2FA9 /* love_32*32_grey.png in Resources */ = {isa = PBXBuildFile; fileRef = 04C598EE1B1CA55E004A2FA9 /* love_32*32_grey.png */; };
		04C599081B1CAAC2004A2FA9 /* LightBaseTabController.m in Sources */ = {isa = PBXBuildFile; fileRef = 04C599071B1CAAC2004A2FA9 /* LightBaseTabController.m */; };
		04C5990A1B1CB286004A2FA9 /* left_view.png in Resources */ = {isa = PBXBuildFile; fileRef = 04C599091B1CB286004A2FA9 /* left_view.png */; };
		04DF61441B1F157D001AD649 /* LightRegCheckViewController.m in Sources */ = {isa = PBXBuildFile; fileRef = 04DF61431B1F157D001AD649 /* LightRegCheckViewController.m */; };
		04DF61481B1F1D9B001AD649 /* LightRegSexViewController.m in Sources */ = {isa = PBXBuildFile; fileRef = 04DF61461B1F1D9B001AD649 /* LightRegSexViewController.m */; };
		04DF614D1B1F21A6001AD649 /* LightRegDetailViewController.m in Sources */ = {isa = PBXBuildFile; fileRef = 04DF614B1B1F21A6001AD649 /* LightRegDetailViewController.m */; };
		04DF61521B1F2668001AD649 /* LightRegSexViewController.xib in Resources */ = {isa = PBXBuildFile; fileRef = 04DF61511B1F2668001AD649 /* LightRegSexViewController.xib */; };
/* End PBXBuildFile section */

/* Begin PBXContainerItemProxy section */
		043667AB1B168952009AC914 /* PBXContainerItemProxy */ = {
			isa = PBXContainerItemProxy;
			containerPortal = 043667891B168952009AC914 /* Project object */;
			proxyType = 1;
			remoteGlobalIDString = 043667901B168952009AC914;
			remoteInfo = "Light-iOS";
		};
/* End PBXContainerItemProxy section */

/* Begin PBXFileReference section */
		041B0D2B1B2493290051C528 /* SMS_SDK.framework */ = {isa = PBXFileReference; lastKnownFileType = wrapper.framework; name = SMS_SDK.framework; path = "Light-iOS/SMS_SDK.framework"; sourceTree = "<group>"; };
		041B0D2D1B2497DB0051C528 /* libicucore.dylib */ = {isa = PBXFileReference; lastKnownFileType = "compiled.mach-o.dylib"; name = libicucore.dylib; path = usr/lib/libicucore.dylib; sourceTree = SDKROOT; };
		041B0D2F1B2497F20051C528 /* libz.dylib */ = {isa = PBXFileReference; lastKnownFileType = "compiled.mach-o.dylib"; name = libz.dylib; path = usr/lib/libz.dylib; sourceTree = SDKROOT; };
		041B0D311B2497FA0051C528 /* MessageUI.framework */ = {isa = PBXFileReference; lastKnownFileType = wrapper.framework; name = MessageUI.framework; path = System/Library/Frameworks/MessageUI.framework; sourceTree = SDKROOT; };
		041B0D331B2498050051C528 /* SystemConfiguration.framework */ = {isa = PBXFileReference; lastKnownFileType = wrapper.framework; name = SystemConfiguration.framework; path = System/Library/Frameworks/SystemConfiguration.framework; sourceTree = SDKROOT; };
		043667911B168952009AC914 /* Light-iOS.app */ = {isa = PBXFileReference; explicitFileType = wrapper.application; includeInIndex = 0; path = "Light-iOS.app"; sourceTree = BUILT_PRODUCTS_DIR; };
		043667951B168952009AC914 /* Info.plist */ = {isa = PBXFileReference; lastKnownFileType = text.plist.xml; path = Info.plist; sourceTree = "<group>"; };
		043667961B168952009AC914 /* main.m */ = {isa = PBXFileReference; lastKnownFileType = sourcecode.c.objc; path = main.m; sourceTree = "<group>"; };
		043667981B168952009AC914 /* AppDelegate.h */ = {isa = PBXFileReference; lastKnownFileType = sourcecode.c.h; path = AppDelegate.h; sourceTree = "<group>"; };
		043667991B168952009AC914 /* AppDelegate.m */ = {isa = PBXFileReference; lastKnownFileType = sourcecode.c.objc; path = AppDelegate.m; sourceTree = "<group>"; };
		043667A41B168952009AC914 /* Base */ = {isa = PBXFileReference; lastKnownFileType = file.xib; name = Base; path = Base.lproj/LaunchScreen.xib; sourceTree = "<group>"; };
		043667AA1B168952009AC914 /* Light-iOSTests.xctest */ = {isa = PBXFileReference; explicitFileType = wrapper.cfbundle; includeInIndex = 0; path = "Light-iOSTests.xctest"; sourceTree = BUILT_PRODUCTS_DIR; };
		043667AF1B168952009AC914 /* Info.plist */ = {isa = PBXFileReference; lastKnownFileType = text.plist.xml; path = Info.plist; sourceTree = "<group>"; };
		043667B01B168952009AC914 /* Light_iOSTests.m */ = {isa = PBXFileReference; lastKnownFileType = sourcecode.c.objc; path = Light_iOSTests.m; sourceTree = "<group>"; };
		043667D21B169B56009AC914 /* LightLoginViewController.h */ = {isa = PBXFileReference; fileEncoding = 4; lastKnownFileType = sourcecode.c.h; path = LightLoginViewController.h; sourceTree = "<group>"; };
		043667D31B169B56009AC914 /* LightLoginViewController.m */ = {isa = PBXFileReference; fileEncoding = 4; lastKnownFileType = sourcecode.c.objc; path = LightLoginViewController.m; sourceTree = "<group>"; };
		043667D91B169B61009AC914 /* blue_login_disable@2x.png */ = {isa = PBXFileReference; lastKnownFileType = image.png; path = "blue_login_disable@2x.png"; sourceTree = "<group>"; };
		043667DA1B169B61009AC914 /* blue_login_highlight@2x.png */ = {isa = PBXFileReference; lastKnownFileType = image.png; path = "blue_login_highlight@2x.png"; sourceTree = "<group>"; };
		043667DB1B169B61009AC914 /* blue_login_normal@2x.png */ = {isa = PBXFileReference; lastKnownFileType = image.png; path = "blue_login_normal@2x.png"; sourceTree = "<group>"; };
		043667DC1B169B61009AC914 /* operationbox_text@2x.png */ = {isa = PBXFileReference; lastKnownFileType = image.png; path = "operationbox_text@2x.png"; sourceTree = "<group>"; };
		043667EC1B16D9B9009AC914 /* Images.xcassets */ = {isa = PBXFileReference; lastKnownFileType = folder.assetcatalog; path = Images.xcassets; sourceTree = "<group>"; };
		043667F71B1A0E1A009AC914 /* LightTextField.h */ = {isa = PBXFileReference; fileEncoding = 4; lastKnownFileType = sourcecode.c.h; path = LightTextField.h; sourceTree = "<group>"; };
		043667F81B1A0E1A009AC914 /* LightTextField.m */ = {isa = PBXFileReference; fileEncoding = 4; lastKnownFileType = sourcecode.c.objc; path = LightTextField.m; sourceTree = "<group>"; };
		043668061B1A1B75009AC914 /* default_icon.png */ = {isa = PBXFileReference; lastKnownFileType = image.png; path = default_icon.png; sourceTree = "<group>"; };
		043668081B1A2B42009AC914 /* login_background.png */ = {isa = PBXFileReference; lastKnownFileType = image.png; path = login_background.png; sourceTree = "<group>"; };
		0436680B1B1A3988009AC914 /* LightUser.h */ = {isa = PBXFileReference; fileEncoding = 4; lastKnownFileType = sourcecode.c.h; name = LightUser.h; path = Models/LightUser.h; sourceTree = "<group>"; };
		0436680C1B1A3988009AC914 /* LightUser.m */ = {isa = PBXFileReference; fileEncoding = 4; lastKnownFileType = sourcecode.c.objc; name = LightUser.m; path = Models/LightUser.m; sourceTree = "<group>"; };
		0436680E1B1A3FB6009AC914 /* CFNetwork.framework */ = {isa = PBXFileReference; lastKnownFileType = wrapper.framework; name = CFNetwork.framework; path = System/Library/Frameworks/CFNetwork.framework; sourceTree = SDKROOT; };
		043668101B1A419A009AC914 /* LightRegisterViewController.h */ = {isa = PBXFileReference; fileEncoding = 4; lastKnownFileType = sourcecode.c.h; path = LightRegisterViewController.h; sourceTree = "<group>"; };
		043668111B1A419A009AC914 /* LightRegisterViewController.m */ = {isa = PBXFileReference; fileEncoding = 4; lastKnownFileType = sourcecode.c.objc; path = LightRegisterViewController.m; sourceTree = "<group>"; };
		04545CBB1B2745B500E128B2 /* LightIntroPage.h */ = {isa = PBXFileReference; fileEncoding = 4; lastKnownFileType = sourcecode.c.h; name = LightIntroPage.h; path = "引导页/LightIntroPage.h"; sourceTree = "<group>"; };
		04545CBC1B2745B500E128B2 /* LightIntroPage.m */ = {isa = PBXFileReference; fileEncoding = 4; lastKnownFileType = sourcecode.c.objc; name = LightIntroPage.m; path = "引导页/LightIntroPage.m"; sourceTree = "<group>"; };
		04545CBE1B27461300E128B2 /* LightIntroView.h */ = {isa = PBXFileReference; fileEncoding = 4; lastKnownFileType = sourcecode.c.h; name = LightIntroView.h; path = "引导页/LightIntroView.h"; sourceTree = "<group>"; };
		04545CBF1B27461300E128B2 /* LightIntroView.m */ = {isa = PBXFileReference; fileEncoding = 4; lastKnownFileType = sourcecode.c.objc; name = LightIntroView.m; path = "引导页/LightIntroView.m"; sourceTree = "<group>"; };
		04545CC11B27467D00E128B2 /* LightIntroViewController.h */ = {isa = PBXFileReference; fileEncoding = 4; lastKnownFileType = sourcecode.c.h; name = LightIntroViewController.h; path = "引导页/LightIntroViewController.h"; sourceTree = "<group>"; };
		04545CC21B27467D00E128B2 /* LightIntroViewController.m */ = {isa = PBXFileReference; fileEncoding = 4; lastKnownFileType = sourcecode.c.objc; name = LightIntroViewController.m; path = "引导页/LightIntroViewController.m"; sourceTree = "<group>"; };
		04545CD91B27548C00E128B2 /* LightIndex.h */ = {isa = PBXFileReference; fileEncoding = 4; lastKnownFileType = sourcecode.c.h; name = LightIndex.h; path = API/LightIndex.h; sourceTree = "<group>"; };
		04545CDA1B27548C00E128B2 /* LightIndex.m */ = {isa = PBXFileReference; fileEncoding = 4; lastKnownFileType = sourcecode.c.objc; name = LightIndex.m; path = API/LightIndex.m; sourceTree = "<group>"; };
		04545CDC1B27552700E128B2 /* CommonConfig.h */ = {isa = PBXFileReference; fileEncoding = 4; lastKnownFileType = sourcecode.c.h; name = CommonConfig.h; path = Utils/CommonConfig.h; sourceTree = "<group>"; };
		04545CDD1B27552700E128B2 /* CommonConfig.m */ = {isa = PBXFileReference; fileEncoding = 4; lastKnownFileType = sourcecode.c.objc; name = CommonConfig.m; path = Utils/CommonConfig.m; sourceTree = "<group>"; };
		04545CDF1B27A87D00E128B2 /* Intro01.png */ = {isa = PBXFileReference; lastKnownFileType = image.png; name = Intro01.png; path = "引导页/Intro01.png"; sourceTree = "<group>"; };
		04545CE01B27A87D00E128B2 /* Intro02.png */ = {isa = PBXFileReference; lastKnownFileType = image.png; name = Intro02.png; path = "引导页/Intro02.png"; sourceTree = "<group>"; };
		04545CE11B27A87D00E128B2 /* Intro03.png */ = {isa = PBXFileReference; lastKnownFileType = image.png; name = Intro03.png; path = "引导页/Intro03.png"; sourceTree = "<group>"; };
		04545CE21B27A87D00E128B2 /* Intro04.png */ = {isa = PBXFileReference; lastKnownFileType = image.png; name = Intro04.png; path = "引导页/Intro04.png"; sourceTree = "<group>"; };
		04545CE31B27A87D00E128B2 /* Intro05.png */ = {isa = PBXFileReference; lastKnownFileType = image.png; name = Intro05.png; path = "引导页/Intro05.png"; sourceTree = "<group>"; };
		046A8CAD1B28B12C00BAAC34 /* IndexCell.h */ = {isa = PBXFileReference; fileEncoding = 4; lastKnownFileType = sourcecode.c.h; name = IndexCell.h; path = "../Login&Reg/IndexCell.h"; sourceTree = "<group>"; };
		046A8CAE1B28B12C00BAAC34 /* IndexCell.m */ = {isa = PBXFileReference; fileEncoding = 4; lastKnownFileType = sourcecode.c.objc; name = IndexCell.m; path = "../Login&Reg/IndexCell.m"; sourceTree = "<group>"; };
		049E86941B27AE6B00FF14FF /* LightAPI.h */ = {isa = PBXFileReference; fileEncoding = 4; lastKnownFileType = sourcecode.c.h; name = LightAPI.h; path = API/LightAPI.h; sourceTree = "<group>"; };
		049E86951B27AE6B00FF14FF /* LightAPI.m */ = {isa = PBXFileReference; fileEncoding = 4; lastKnownFileType = sourcecode.c.objc; name = LightAPI.m; path = API/LightAPI.m; sourceTree = "<group>"; };
		04C598571B1C8178004A2FA9 /* ImageScale.h */ = {isa = PBXFileReference; fileEncoding = 4; lastKnownFileType = sourcecode.c.h; path = ImageScale.h; sourceTree = "<group>"; };
		04C598581B1C8178004A2FA9 /* ImageScale.m */ = {isa = PBXFileReference; fileEncoding = 4; lastKnownFileType = sourcecode.c.objc; path = ImageScale.m; sourceTree = "<group>"; };
		04C5985B1B1C835B004A2FA9 /* FanKuiViewController.h */ = {isa = PBXFileReference; fileEncoding = 4; lastKnownFileType = sourcecode.c.h; path = FanKuiViewController.h; sourceTree = "<group>"; };
		04C5985C1B1C835B004A2FA9 /* FanKuiViewController.m */ = {isa = PBXFileReference; fileEncoding = 4; lastKnownFileType = sourcecode.c.objc; path = FanKuiViewController.m; sourceTree = "<group>"; };
		04C5985D1B1C835B004A2FA9 /* GeRenViewController.h */ = {isa = PBXFileReference; fileEncoding = 4; lastKnownFileType = sourcecode.c.h; path = GeRenViewController.h; sourceTree = "<group>"; };
		04C5985E1B1C835B004A2FA9 /* GeRenViewController.m */ = {isa = PBXFileReference; fileEncoding = 4; lastKnownFileType = sourcecode.c.objc; path = GeRenViewController.m; sourceTree = "<group>"; };
		04C5985F1B1C835B004A2FA9 /* GuanYuLightViewController.h */ = {isa = PBXFileReference; fileEncoding = 4; lastKnownFileType = sourcecode.c.h; path = GuanYuLightViewController.h; sourceTree = "<group>"; };
		04C598601B1C835B004A2FA9 /* GuanYuLightViewController.m */ = {isa = PBXFileReference; fileEncoding = 4; lastKnownFileType = sourcecode.c.objc; path = GuanYuLightViewController.m; sourceTree = "<group>"; };
		04C598611B1C835B004A2FA9 /* GuanYuViewController.h */ = {isa = PBXFileReference; fileEncoding = 4; lastKnownFileType = sourcecode.c.h; path = GuanYuViewController.h; sourceTree = "<group>"; };
		04C598621B1C835B004A2FA9 /* GuanYuViewController.m */ = {isa = PBXFileReference; fileEncoding = 4; lastKnownFileType = sourcecode.c.objc; path = GuanYuViewController.m; sourceTree = "<group>"; };
		04C598631B1C835B004A2FA9 /* JuanZhuViewController.h */ = {isa = PBXFileReference; fileEncoding = 4; lastKnownFileType = sourcecode.c.h; path = JuanZhuViewController.h; sourceTree = "<group>"; };
		04C598641B1C835B004A2FA9 /* JuanZhuViewController.m */ = {isa = PBXFileReference; fileEncoding = 4; lastKnownFileType = sourcecode.c.objc; path = JuanZhuViewController.m; sourceTree = "<group>"; };
		04C598651B1C835B004A2FA9 /* SheZhiTableViewController.h */ = {isa = PBXFileReference; fileEncoding = 4; lastKnownFileType = sourcecode.c.h; path = SheZhiTableViewController.h; sourceTree = "<group>"; };
		04C598661B1C835B004A2FA9 /* SheZhiTableViewController.m */ = {isa = PBXFileReference; fileEncoding = 4; lastKnownFileType = sourcecode.c.objc; path = SheZhiTableViewController.m; sourceTree = "<group>"; };
		04C598671B1C835B004A2FA9 /* TongZhiTableViewController.h */ = {isa = PBXFileReference; fileEncoding = 4; lastKnownFileType = sourcecode.c.h; path = TongZhiTableViewController.h; sourceTree = "<group>"; };
		04C598681B1C835B004A2FA9 /* TongZhiTableViewController.m */ = {isa = PBXFileReference; fileEncoding = 4; lastKnownFileType = sourcecode.c.objc; path = TongZhiTableViewController.m; sourceTree = "<group>"; };
		04C598691B1C835B004A2FA9 /* ZhangHuTableViewController.h */ = {isa = PBXFileReference; fileEncoding = 4; lastKnownFileType = sourcecode.c.h; path = ZhangHuTableViewController.h; sourceTree = "<group>"; };
		04C5986A1B1C835B004A2FA9 /* ZhangHuTableViewController.m */ = {isa = PBXFileReference; fileEncoding = 4; lastKnownFileType = sourcecode.c.objc; path = ZhangHuTableViewController.m; sourceTree = "<group>"; };
		04C598741B1C8368004A2FA9 /* CPYTableViewController.h */ = {isa = PBXFileReference; fileEncoding = 4; lastKnownFileType = sourcecode.c.h; path = CPYTableViewController.h; sourceTree = "<group>"; };
		04C598751B1C8368004A2FA9 /* CPYTableViewController.m */ = {isa = PBXFileReference; fileEncoding = 4; lastKnownFileType = sourcecode.c.objc; path = CPYTableViewController.m; sourceTree = "<group>"; };
		04C598761B1C8368004A2FA9 /* IndexViewController.h */ = {isa = PBXFileReference; fileEncoding = 4; lastKnownFileType = sourcecode.c.h; path = IndexViewController.h; sourceTree = "<group>"; };
		04C598771B1C8368004A2FA9 /* IndexViewController.m */ = {isa = PBXFileReference; fileEncoding = 4; lastKnownFileType = sourcecode.c.objc; path = IndexViewController.m; sourceTree = "<group>"; };
		04C598781B1C8368004A2FA9 /* KDGTableViewController.h */ = {isa = PBXFileReference; fileEncoding = 4; lastKnownFileType = sourcecode.c.h; path = KDGTableViewController.h; sourceTree = "<group>"; };
		04C598791B1C8368004A2FA9 /* KDGTableViewController.m */ = {isa = PBXFileReference; fileEncoding = 4; lastKnownFileType = sourcecode.c.objc; path = KDGTableViewController.m; sourceTree = "<group>"; };
		04C5987A1B1C8368004A2FA9 /* LOVETableViewController.h */ = {isa = PBXFileReference; fileEncoding = 4; lastKnownFileType = sourcecode.c.h; path = LOVETableViewController.h; sourceTree = "<group>"; };
		04C5987B1B1C8368004A2FA9 /* LOVETableViewController.m */ = {isa = PBXFileReference; fileEncoding = 4; lastKnownFileType = sourcecode.c.objc; path = LOVETableViewController.m; sourceTree = "<group>"; };
		04C5987C1B1C8368004A2FA9 /* MSGViewController.h */ = {isa = PBXFileReference; fileEncoding = 4; lastKnownFileType = sourcecode.c.h; path = MSGViewController.h; sourceTree = "<group>"; };
		04C5987D1B1C8368004A2FA9 /* MSGViewController.m */ = {isa = PBXFileReference; fileEncoding = 4; lastKnownFileType = sourcecode.c.objc; path = MSGViewController.m; sourceTree = "<group>"; };
		04C5987E1B1C8368004A2FA9 /* ReadMoreViewController.h */ = {isa = PBXFileReference; fileEncoding = 4; lastKnownFileType = sourcecode.c.h; path = ReadMoreViewController.h; sourceTree = "<group>"; };
		04C5987F1B1C8368004A2FA9 /* ReadMoreViewController.m */ = {isa = PBXFileReference; fileEncoding = 4; lastKnownFileType = sourcecode.c.objc; path = ReadMoreViewController.m; sourceTree = "<group>"; };
		04C598871B1C8377004A2FA9 /* ChangeEmailViewController.h */ = {isa = PBXFileReference; fileEncoding = 4; lastKnownFileType = sourcecode.c.h; name = ChangeEmailViewController.h; path = ../MoreFunc/ChangeEmailViewController.h; sourceTree = "<group>"; };
		04C598881B1C8377004A2FA9 /* ChangeEmailViewController.m */ = {isa = PBXFileReference; fileEncoding = 4; lastKnownFileType = sourcecode.c.objc; name = ChangeEmailViewController.m; path = ../MoreFunc/ChangeEmailViewController.m; sourceTree = "<group>"; };
		04C598891B1C8377004A2FA9 /* ChangePayViewController.h */ = {isa = PBXFileReference; fileEncoding = 4; lastKnownFileType = sourcecode.c.h; name = ChangePayViewController.h; path = ../MoreFunc/ChangePayViewController.h; sourceTree = "<group>"; };
		04C5988A1B1C8377004A2FA9 /* ChangePayViewController.m */ = {isa = PBXFileReference; fileEncoding = 4; lastKnownFileType = sourcecode.c.objc; name = ChangePayViewController.m; path = ../MoreFunc/ChangePayViewController.m; sourceTree = "<group>"; };
		04C5988B1B1C8377004A2FA9 /* ChangePwdViewController.h */ = {isa = PBXFileReference; fileEncoding = 4; lastKnownFileType = sourcecode.c.h; name = ChangePwdViewController.h; path = ../MoreFunc/ChangePwdViewController.h; sourceTree = "<group>"; };
		04C5988C1B1C8377004A2FA9 /* ChangePwdViewController.m */ = {isa = PBXFileReference; fileEncoding = 4; lastKnownFileType = sourcecode.c.objc; name = ChangePwdViewController.m; path = ../MoreFunc/ChangePwdViewController.m; sourceTree = "<group>"; };
		04C5988D1B1C8377004A2FA9 /* ChangMobileViewController.h */ = {isa = PBXFileReference; fileEncoding = 4; lastKnownFileType = sourcecode.c.h; name = ChangMobileViewController.h; path = ../MoreFunc/ChangMobileViewController.h; sourceTree = "<group>"; };
		04C5988E1B1C8377004A2FA9 /* ChangMobileViewController.m */ = {isa = PBXFileReference; fileEncoding = 4; lastKnownFileType = sourcecode.c.objc; name = ChangMobileViewController.m; path = ../MoreFunc/ChangMobileViewController.m; sourceTree = "<group>"; };
		04C5988F1B1C8377004A2FA9 /* CPYListTableViewController.h */ = {isa = PBXFileReference; fileEncoding = 4; lastKnownFileType = sourcecode.c.h; name = CPYListTableViewController.h; path = ../MoreFunc/CPYListTableViewController.h; sourceTree = "<group>"; };
		04C598901B1C8377004A2FA9 /* CPYListTableViewController.m */ = {isa = PBXFileReference; fileEncoding = 4; lastKnownFileType = sourcecode.c.objc; name = CPYListTableViewController.m; path = ../MoreFunc/CPYListTableViewController.m; sourceTree = "<group>"; };
		04C598911B1C8377004A2FA9 /* DetailViewController.h */ = {isa = PBXFileReference; fileEncoding = 4; lastKnownFileType = sourcecode.c.h; name = DetailViewController.h; path = ../MoreFunc/DetailViewController.h; sourceTree = "<group>"; };
		04C598921B1C8377004A2FA9 /* DetailViewController.m */ = {isa = PBXFileReference; fileEncoding = 4; lastKnownFileType = sourcecode.c.objc; name = DetailViewController.m; path = ../MoreFunc/DetailViewController.m; sourceTree = "<group>"; };
		04C598A31B1CA30A004A2FA9 /* KPY_48*48_blue.png */ = {isa = PBXFileReference; lastKnownFileType = image.png; path = "KPY_48*48_blue.png"; sourceTree = "<group>"; };
		04C598A41B1CA30A004A2FA9 /* KPY_48*48_grey.png */ = {isa = PBXFileReference; lastKnownFileType = image.png; path = "KPY_48*48_grey.png"; sourceTree = "<group>"; };
		04C598A91B1CA30A004A2FA9 /* love_48*48_blue.png */ = {isa = PBXFileReference; lastKnownFileType = image.png; path = "love_48*48_blue.png"; sourceTree = "<group>"; };
		04C598AA1B1CA30A004A2FA9 /* love_48*48_grey.png */ = {isa = PBXFileReference; lastKnownFileType = image.png; path = "love_48*48_grey.png"; sourceTree = "<group>"; };
		04C598AF1B1CA30A004A2FA9 /* KDG_48*48_blue.png */ = {isa = PBXFileReference; lastKnownFileType = image.png; path = "KDG_48*48_blue.png"; sourceTree = "<group>"; };
		04C598B01B1CA30A004A2FA9 /* KDG_48*48_grey.png */ = {isa = PBXFileReference; lastKnownFileType = image.png; path = "KDG_48*48_grey.png"; sourceTree = "<group>"; };
		04C598B51B1CA30A004A2FA9 /* MSG_48*48_blue.png */ = {isa = PBXFileReference; lastKnownFileType = image.png; path = "MSG_48*48_blue.png"; sourceTree = "<group>"; };
		04C598B61B1CA30A004A2FA9 /* MSG_48*48_grey.png */ = {isa = PBXFileReference; lastKnownFileType = image.png; path = "MSG_48*48_grey.png"; sourceTree = "<group>"; };
		04C598BB1B1CA30A004A2FA9 /* index_48*48_blue.png */ = {isa = PBXFileReference; lastKnownFileType = image.png; path = "index_48*48_blue.png"; sourceTree = "<group>"; };
		04C598BC1B1CA30A004A2FA9 /* index_48*48_grey.png */ = {isa = PBXFileReference; lastKnownFileType = image.png; path = "index_48*48_grey.png"; sourceTree = "<group>"; };
		04C598DB1B1CA55E004A2FA9 /* index_32*32_blue.png */ = {isa = PBXFileReference; lastKnownFileType = image.png; path = "index_32*32_blue.png"; sourceTree = "<group>"; };
		04C598DC1B1CA55E004A2FA9 /* index_24*24_blue.png */ = {isa = PBXFileReference; lastKnownFileType = image.png; path = "index_24*24_blue.png"; sourceTree = "<group>"; };
		04C598DD1B1CA55E004A2FA9 /* index_24*24_grey.png */ = {isa = PBXFileReference; lastKnownFileType = image.png; path = "index_24*24_grey.png"; sourceTree = "<group>"; };
		04C598DE1B1CA55E004A2FA9 /* index_32*32_grey.png */ = {isa = PBXFileReference; lastKnownFileType = image.png; path = "index_32*32_grey.png"; sourceTree = "<group>"; };
		04C598DF1B1CA55E004A2FA9 /* KDG_24*24_grey.png */ = {isa = PBXFileReference; lastKnownFileType = image.png; path = "KDG_24*24_grey.png"; sourceTree = "<group>"; };
		04C598E01B1CA55E004A2FA9 /* KDG_32*32_grey.png */ = {isa = PBXFileReference; lastKnownFileType = image.png; path = "KDG_32*32_grey.png"; sourceTree = "<group>"; };
		04C598E11B1CA55E004A2FA9 /* KDG_24*24_blue.png */ = {isa = PBXFileReference; lastKnownFileType = image.png; path = "KDG_24*24_blue.png"; sourceTree = "<group>"; };
		04C598E21B1CA55E004A2FA9 /* KDG_32*32_blue.png */ = {isa = PBXFileReference; lastKnownFileType = image.png; path = "KDG_32*32_blue.png"; sourceTree = "<group>"; };
		04C598E31B1CA55E004A2FA9 /* KPY_24*24_blue.png */ = {isa = PBXFileReference; lastKnownFileType = image.png; path = "KPY_24*24_blue.png"; sourceTree = "<group>"; };
		04C598E41B1CA55E004A2FA9 /* KPY_32*32_blue.png */ = {isa = PBXFileReference; lastKnownFileType = image.png; path = "KPY_32*32_blue.png"; sourceTree = "<group>"; };
		04C598E51B1CA55E004A2FA9 /* KPY_24*24_grey.png */ = {isa = PBXFileReference; lastKnownFileType = image.png; path = "KPY_24*24_grey.png"; sourceTree = "<group>"; };
		04C598E61B1CA55E004A2FA9 /* KPY_32*32_grey.png */ = {isa = PBXFileReference; lastKnownFileType = image.png; path = "KPY_32*32_grey.png"; sourceTree = "<group>"; };
		04C598E71B1CA55E004A2FA9 /* MSG_24*24_grey.png */ = {isa = PBXFileReference; lastKnownFileType = image.png; path = "MSG_24*24_grey.png"; sourceTree = "<group>"; };
		04C598E81B1CA55E004A2FA9 /* MSG_32*32_grey.png */ = {isa = PBXFileReference; lastKnownFileType = image.png; path = "MSG_32*32_grey.png"; sourceTree = "<group>"; };
		04C598E91B1CA55E004A2FA9 /* MSG_24*24_blue.png */ = {isa = PBXFileReference; lastKnownFileType = image.png; path = "MSG_24*24_blue.png"; sourceTree = "<group>"; };
		04C598EA1B1CA55E004A2FA9 /* MSG_32*32_blue.png */ = {isa = PBXFileReference; lastKnownFileType = image.png; path = "MSG_32*32_blue.png"; sourceTree = "<group>"; };
		04C598EB1B1CA55E004A2FA9 /* love_24*24_blue.png */ = {isa = PBXFileReference; lastKnownFileType = image.png; path = "love_24*24_blue.png"; sourceTree = "<group>"; };
		04C598EC1B1CA55E004A2FA9 /* love_32*32_blue.png */ = {isa = PBXFileReference; lastKnownFileType = image.png; path = "love_32*32_blue.png"; sourceTree = "<group>"; };
		04C598ED1B1CA55E004A2FA9 /* love_24*24_grey.png */ = {isa = PBXFileReference; lastKnownFileType = image.png; path = "love_24*24_grey.png"; sourceTree = "<group>"; };
		04C598EE1B1CA55E004A2FA9 /* love_32*32_grey.png */ = {isa = PBXFileReference; lastKnownFileType = image.png; path = "love_32*32_grey.png"; sourceTree = "<group>"; };
		04C599061B1CAAC2004A2FA9 /* LightBaseTabController.h */ = {isa = PBXFileReference; fileEncoding = 4; lastKnownFileType = sourcecode.c.h; path = LightBaseTabController.h; sourceTree = "<group>"; };
		04C599071B1CAAC2004A2FA9 /* LightBaseTabController.m */ = {isa = PBXFileReference; fileEncoding = 4; lastKnownFileType = sourcecode.c.objc; path = LightBaseTabController.m; sourceTree = "<group>"; };
		04C599091B1CB286004A2FA9 /* left_view.png */ = {isa = PBXFileReference; lastKnownFileType = image.png; path = left_view.png; sourceTree = "<group>"; };
		04DF61421B1F157D001AD649 /* LightRegCheckViewController.h */ = {isa = PBXFileReference; fileEncoding = 4; lastKnownFileType = sourcecode.c.h; path = LightRegCheckViewController.h; sourceTree = "<group>"; };
		04DF61431B1F157D001AD649 /* LightRegCheckViewController.m */ = {isa = PBXFileReference; fileEncoding = 4; lastKnownFileType = sourcecode.c.objc; path = LightRegCheckViewController.m; sourceTree = "<group>"; };
		04DF61451B1F1D9B001AD649 /* LightRegSexViewController.h */ = {isa = PBXFileReference; fileEncoding = 4; lastKnownFileType = sourcecode.c.h; path = LightRegSexViewController.h; sourceTree = "<group>"; };
		04DF61461B1F1D9B001AD649 /* LightRegSexViewController.m */ = {isa = PBXFileReference; fileEncoding = 4; lastKnownFileType = sourcecode.c.objc; path = LightRegSexViewController.m; sourceTree = "<group>"; };
		04DF614A1B1F21A6001AD649 /* LightRegDetailViewController.h */ = {isa = PBXFileReference; fileEncoding = 4; lastKnownFileType = sourcecode.c.h; path = LightRegDetailViewController.h; sourceTree = "<group>"; };
		04DF614B1B1F21A6001AD649 /* LightRegDetailViewController.m */ = {isa = PBXFileReference; fileEncoding = 4; lastKnownFileType = sourcecode.c.objc; path = LightRegDetailViewController.m; sourceTree = "<group>"; };
		04DF61511B1F2668001AD649 /* LightRegSexViewController.xib */ = {isa = PBXFileReference; fileEncoding = 4; lastKnownFileType = file.xib; path = LightRegSexViewController.xib; sourceTree = "<group>"; };
/* End PBXFileReference section */

/* Begin PBXFrameworksBuildPhase section */
		0436678E1B168952009AC914 /* Frameworks */ = {
			isa = PBXFrameworksBuildPhase;
			buildActionMask = 2147483647;
			files = (
				041B0D341B2498050051C528 /* SystemConfiguration.framework in Frameworks */,
				041B0D321B2497FA0051C528 /* MessageUI.framework in Frameworks */,
				041B0D301B2497F20051C528 /* libz.dylib in Frameworks */,
				041B0D2E1B2497DB0051C528 /* libicucore.dylib in Frameworks */,
				0436680F1B1A3FB6009AC914 /* CFNetwork.framework in Frameworks */,
				041B0D2C1B2493290051C528 /* SMS_SDK.framework in Frameworks */,
			);
			runOnlyForDeploymentPostprocessing = 0;
		};
		043667A71B168952009AC914 /* Frameworks */ = {
			isa = PBXFrameworksBuildPhase;
			buildActionMask = 2147483647;
			files = (
			);
			runOnlyForDeploymentPostprocessing = 0;
		};
/* End PBXFrameworksBuildPhase section */

/* Begin PBXGroup section */
		043667881B168952009AC914 = {
			isa = PBXGroup;
			children = (
				041B0D331B2498050051C528 /* SystemConfiguration.framework */,
				041B0D311B2497FA0051C528 /* MessageUI.framework */,
				041B0D2F1B2497F20051C528 /* libz.dylib */,
				041B0D2D1B2497DB0051C528 /* libicucore.dylib */,
				041B0D2B1B2493290051C528 /* SMS_SDK.framework */,
				0436680E1B1A3FB6009AC914 /* CFNetwork.framework */,
				043667931B168952009AC914 /* Light-iOS */,
				043667AD1B168952009AC914 /* Light-iOSTests */,
				043667921B168952009AC914 /* Products */,
			);
			sourceTree = "<group>";
		};
		043667921B168952009AC914 /* Products */ = {
			isa = PBXGroup;
			children = (
				043667911B168952009AC914 /* Light-iOS.app */,
				043667AA1B168952009AC914 /* Light-iOSTests.xctest */,
			);
			name = Products;
			sourceTree = "<group>";
		};
		043667931B168952009AC914 /* Light-iOS */ = {
			isa = PBXGroup;
			children = (
				0436680A1B1A394E009AC914 /* Models */,
				047038151B273314007B8278 /* Utils */,
				047038131B2732BE007B8278 /* API */,
				047038281B2742F3007B8278 /* 引导页 */,
				043667D11B169B56009AC914 /* 登录&注册 */,
				04C598731B1C8368004A2FA9 /* 主页面 */,
				04C5985A1B1C835B004A2FA9 /* LeftView */,
				043667D71B169B61009AC914 /* resources */,
				043667A31B168952009AC914 /* LaunchScreen.xib */,
				043667EC1B16D9B9009AC914 /* Images.xcassets */,
				043667941B168952009AC914 /* Supporting Files */,
			);
			path = "Light-iOS";
			sourceTree = "<group>";
		};
		043667941B168952009AC914 /* Supporting Files */ = {
			isa = PBXGroup;
			children = (
				043667981B168952009AC914 /* AppDelegate.h */,
				043667991B168952009AC914 /* AppDelegate.m */,
				043667951B168952009AC914 /* Info.plist */,
				043667961B168952009AC914 /* main.m */,
			);
			name = "Supporting Files";
			sourceTree = "<group>";
		};
		043667AD1B168952009AC914 /* Light-iOSTests */ = {
			isa = PBXGroup;
			children = (
				043667B01B168952009AC914 /* Light_iOSTests.m */,
				043667AE1B168952009AC914 /* Supporting Files */,
			);
			path = "Light-iOSTests";
			sourceTree = "<group>";
		};
		043667AE1B168952009AC914 /* Supporting Files */ = {
			isa = PBXGroup;
			children = (
				043667AF1B168952009AC914 /* Info.plist */,
			);
			name = "Supporting Files";
			sourceTree = "<group>";
		};
		043667D11B169B56009AC914 /* 登录&注册 */ = {
			isa = PBXGroup;
			children = (
				047038161B27339D007B8278 /* 登录 */,
				047038171B2733C2007B8278 /* 注册 */,
			);
			name = "登录&注册";
			path = "Login&Reg";
			sourceTree = "<group>";
		};
		043667D71B169B61009AC914 /* resources */ = {
			isa = PBXGroup;
			children = (
				04545CC41B274C4900E128B2 /* 引导页 */,
				04C5989E1B1CA30A004A2FA9 /* Main */,
				043667D81B169B61009AC914 /* login&reg */,
				043667DC1B169B61009AC914 /* operationbox_text@2x.png */,
			);
			path = resources;
			sourceTree = "<group>";
		};
		043667D81B169B61009AC914 /* login&reg */ = {
			isa = PBXGroup;
			children = (
				043668081B1A2B42009AC914 /* login_background.png */,
				043668061B1A1B75009AC914 /* default_icon.png */,
				043667D91B169B61009AC914 /* blue_login_disable@2x.png */,
				043667DA1B169B61009AC914 /* blue_login_highlight@2x.png */,
				043667DB1B169B61009AC914 /* blue_login_normal@2x.png */,
			);
			path = "login&reg";
			sourceTree = "<group>";
		};
		043667F61B1A0D9E009AC914 /* ViewsUtils */ = {
			isa = PBXGroup;
			children = (
				04C598571B1C8178004A2FA9 /* ImageScale.h */,
				04C598581B1C8178004A2FA9 /* ImageScale.m */,
				043667F71B1A0E1A009AC914 /* LightTextField.h */,
				043667F81B1A0E1A009AC914 /* LightTextField.m */,
			);
			path = ViewsUtils;
			sourceTree = "<group>";
		};
		0436680A1B1A394E009AC914 /* Models */ = {
			isa = PBXGroup;
			children = (
			);
			path = Models;
			sourceTree = "<group>";
		};
		04545CC41B274C4900E128B2 /* 引导页 */ = {
			isa = PBXGroup;
			children = (
				04545CDF1B27A87D00E128B2 /* Intro01.png */,
				04545CE01B27A87D00E128B2 /* Intro02.png */,
				04545CE11B27A87D00E128B2 /* Intro03.png */,
				04545CE21B27A87D00E128B2 /* Intro04.png */,
				04545CE31B27A87D00E128B2 /* Intro05.png */,
			);
			name = "引导页";
			sourceTree = "<group>";
		};
		047038131B2732BE007B8278 /* API */ = {
			isa = PBXGroup;
			children = (
				049E86941B27AE6B00FF14FF /* LightAPI.h */,
				049E86951B27AE6B00FF14FF /* LightAPI.m */,
				0436680B1B1A3988009AC914 /* LightUser.h */,
				0436680C1B1A3988009AC914 /* LightUser.m */,
				04545CD91B27548C00E128B2 /* LightIndex.h */,
				04545CDA1B27548C00E128B2 /* LightIndex.m */,
				049E86971B27D58F00FF14FF /* POST */,
			);
			name = API;
			sourceTree = "<group>";
		};
		047038151B273314007B8278 /* Utils */ = {
			isa = PBXGroup;
			children = (
				04545CDC1B27552700E128B2 /* CommonConfig.h */,
				04545CDD1B27552700E128B2 /* CommonConfig.m */,
				043667F61B1A0D9E009AC914 /* ViewsUtils */,
			);
			name = Utils;
			sourceTree = "<group>";
		};
		047038161B27339D007B8278 /* 登录 */ = {
			isa = PBXGroup;
			children = (
				043667D21B169B56009AC914 /* LightLoginViewController.h */,
				043667D31B169B56009AC914 /* LightLoginViewController.m */,
			);
			name = "登录";
			sourceTree = "<group>";
		};
		047038171B2733C2007B8278 /* 注册 */ = {
			isa = PBXGroup;
			children = (
				043668101B1A419A009AC914 /* LightRegisterViewController.h */,
				043668111B1A419A009AC914 /* LightRegisterViewController.m */,
				04DF61421B1F157D001AD649 /* LightRegCheckViewController.h */,
				04DF61431B1F157D001AD649 /* LightRegCheckViewController.m */,
				04DF614A1B1F21A6001AD649 /* LightRegDetailViewController.h */,
				04DF614B1B1F21A6001AD649 /* LightRegDetailViewController.m */,
				04DF61451B1F1D9B001AD649 /* LightRegSexViewController.h */,
				04DF61461B1F1D9B001AD649 /* LightRegSexViewController.m */,
				04DF61511B1F2668001AD649 /* LightRegSexViewController.xib */,
			);
			name = "注册";
			sourceTree = "<group>";
		};
		047038181B273417007B8278 /* 首页 */ = {
			isa = PBXGroup;
			children = (
				046A8CAD1B28B12C00BAAC34 /* IndexCell.h */,
				046A8CAE1B28B12C00BAAC34 /* IndexCell.m */,
				04C598761B1C8368004A2FA9 /* IndexViewController.h */,
				04C598771B1C8368004A2FA9 /* IndexViewController.m */,
				04C5987E1B1C8368004A2FA9 /* ReadMoreViewController.h */,
				04C5987F1B1C8368004A2FA9 /* ReadMoreViewController.m */,
			);
			name = "首页";
			sourceTree = "<group>";
		};
		047038191B273423007B8278 /* 消息 */ = {
			isa = PBXGroup;
			children = (
				047038291B274353007B8278 /* 消息 */,
				0470382A1B274364007B8278 /* 通讯录 */,
				0470382B1B274383007B8278 /* 添加好友 */,
			);
			name = "消息";
			sourceTree = "<group>";
		};
		0470381A1B273486007B8278 /* 求同 */ = {
			isa = PBXGroup;
			children = (
				04C598741B1C8368004A2FA9 /* CPYTableViewController.h */,
				04C598751B1C8368004A2FA9 /* CPYTableViewController.m */,
				0470382C1B2743BA007B8278 /* 需要人陪 */,
				0470382D1B274404007B8278 /* Light陪伴师 */,
				0470382E1B274412007B8278 /* Light心理咨询师 */,
				0470382F1B274426007B8278 /* Light大师 */,
				047038301B274436007B8278 /* Light律师 */,
			);
			name = "求同";
			sourceTree = "<group>";
		};
		0470381B1B273497007B8278 /* 求爱 */ = {
			isa = PBXGroup;
			children = (
				04C5987A1B1C8368004A2FA9 /* LOVETableViewController.h */,
				04C5987B1B1C8368004A2FA9 /* LOVETableViewController.m */,
				047038331B274481007B8278 /* 海外结婚 */,
				047038321B274471007B8278 /* Light证书墙 */,
				047038311B274468007B8278 /* Light求婚 */,
			);
			name = "求爱";
			sourceTree = "<group>";
		};
		0470381C1B27349E007B8278 /* 求知 */ = {
			isa = PBXGroup;
			children = (
				04C598781B1C8368004A2FA9 /* KDGTableViewController.h */,
				04C598791B1C8368004A2FA9 /* KDGTableViewController.m */,
				047038351B27449A007B8278 /* Light求职场 */,
				047038341B274491007B8278 /* 学术技能交换 */,
			);
			name = "求知";
			sourceTree = "<group>";
		};
		0470381D1B273FA1007B8278 /* 个人（大头像） */ = {
			isa = PBXGroup;
			children = (
				04C5985D1B1C835B004A2FA9 /* GeRenViewController.h */,
				04C5985E1B1C835B004A2FA9 /* GeRenViewController.m */,
			);
			name = "个人（大头像）";
			sourceTree = "<group>";
		};
		0470381E1B273FF5007B8278 /* 通知 */ = {
			isa = PBXGroup;
			children = (
				04C598671B1C835B004A2FA9 /* TongZhiTableViewController.h */,
				04C598681B1C835B004A2FA9 /* TongZhiTableViewController.m */,
			);
			name = "通知";
			sourceTree = "<group>";
		};
		0470381F1B274004007B8278 /* 账户 */ = {
			isa = PBXGroup;
			children = (
				047038251B2741DD007B8278 /* 账户绑定 */,
				047038261B2741E5007B8278 /* 密码 */,
				047038271B2741EB007B8278 /* 支付方式 */,
				04C598691B1C835B004A2FA9 /* ZhangHuTableViewController.h */,
				04C5986A1B1C835B004A2FA9 /* ZhangHuTableViewController.m */,
			);
			name = "账户";
			sourceTree = "<group>";
		};
		047038201B27400C007B8278 /* 设置 */ = {
			isa = PBXGroup;
			children = (
				04C598651B1C835B004A2FA9 /* SheZhiTableViewController.h */,
				04C598661B1C835B004A2FA9 /* SheZhiTableViewController.m */,
			);
			name = "设置";
			sourceTree = "<group>";
		};
		047038211B274012007B8278 /* 反馈 */ = {
			isa = PBXGroup;
			children = (
				04C5985B1B1C835B004A2FA9 /* FanKuiViewController.h */,
				04C5985C1B1C835B004A2FA9 /* FanKuiViewController.m */,
			);
			name = "反馈";
			sourceTree = "<group>";
		};
		047038221B274018007B8278 /* 关于 */ = {
			isa = PBXGroup;
			children = (
				04C598611B1C835B004A2FA9 /* GuanYuViewController.h */,
				04C598621B1C835B004A2FA9 /* GuanYuViewController.m */,
				047038231B2740AA007B8278 /* 关于Light */,
				047038241B27412F007B8278 /* 捐助 */,
			);
			name = "关于";
			sourceTree = "<group>";
		};
		047038231B2740AA007B8278 /* 关于Light */ = {
			isa = PBXGroup;
			children = (
				04C5985F1B1C835B004A2FA9 /* GuanYuLightViewController.h */,
				04C598601B1C835B004A2FA9 /* GuanYuLightViewController.m */,
			);
			name = "关于Light";
			sourceTree = "<group>";
		};
		047038241B27412F007B8278 /* 捐助 */ = {
			isa = PBXGroup;
			children = (
				04C598631B1C835B004A2FA9 /* JuanZhuViewController.h */,
				04C598641B1C835B004A2FA9 /* JuanZhuViewController.m */,
			);
			name = "捐助";
			sourceTree = "<group>";
		};
		047038251B2741DD007B8278 /* 账户绑定 */ = {
			isa = PBXGroup;
			children = (
				04C598871B1C8377004A2FA9 /* ChangeEmailViewController.h */,
				04C598881B1C8377004A2FA9 /* ChangeEmailViewController.m */,
				04C5988D1B1C8377004A2FA9 /* ChangMobileViewController.h */,
				04C5988E1B1C8377004A2FA9 /* ChangMobileViewController.m */,
			);
			name = "账户绑定";
			sourceTree = "<group>";
		};
		047038261B2741E5007B8278 /* 密码 */ = {
			isa = PBXGroup;
			children = (
				04C5988B1B1C8377004A2FA9 /* ChangePwdViewController.h */,
				04C5988C1B1C8377004A2FA9 /* ChangePwdViewController.m */,
			);
			name = "密码";
			sourceTree = "<group>";
		};
		047038271B2741EB007B8278 /* 支付方式 */ = {
			isa = PBXGroup;
			children = (
				04C598891B1C8377004A2FA9 /* ChangePayViewController.h */,
				04C5988A1B1C8377004A2FA9 /* ChangePayViewController.m */,
			);
			name = "支付方式";
			sourceTree = "<group>";
		};
		047038281B2742F3007B8278 /* 引导页 */ = {
			isa = PBXGroup;
			children = (
				04545CC11B27467D00E128B2 /* LightIntroViewController.h */,
				04545CC21B27467D00E128B2 /* LightIntroViewController.m */,
				04545CBE1B27461300E128B2 /* LightIntroView.h */,
				04545CBF1B27461300E128B2 /* LightIntroView.m */,
				04545CBB1B2745B500E128B2 /* LightIntroPage.h */,
				04545CBC1B2745B500E128B2 /* LightIntroPage.m */,
			);
			name = "引导页";
			sourceTree = "<group>";
		};
		047038291B274353007B8278 /* 消息 */ = {
			isa = PBXGroup;
			children = (
				04C5987C1B1C8368004A2FA9 /* MSGViewController.h */,
				04C5987D1B1C8368004A2FA9 /* MSGViewController.m */,
			);
			name = "消息";
			sourceTree = "<group>";
		};
		0470382A1B274364007B8278 /* 通讯录 */ = {
			isa = PBXGroup;
			children = (
			);
			name = "通讯录";
			sourceTree = "<group>";
		};
		0470382B1B274383007B8278 /* 添加好友 */ = {
			isa = PBXGroup;
			children = (
			);
			name = "添加好友";
			sourceTree = "<group>";
		};
		0470382C1B2743BA007B8278 /* 需要人陪 */ = {
			isa = PBXGroup;
			children = (
				04C5988F1B1C8377004A2FA9 /* CPYListTableViewController.h */,
				04C598901B1C8377004A2FA9 /* CPYListTableViewController.m */,
				04C598911B1C8377004A2FA9 /* DetailViewController.h */,
				04C598921B1C8377004A2FA9 /* DetailViewController.m */,
			);
			name = "需要人陪";
			sourceTree = "<group>";
		};
		0470382D1B274404007B8278 /* Light陪伴师 */ = {
			isa = PBXGroup;
			children = (
			);
			name = "Light陪伴师";
			sourceTree = "<group>";
		};
		0470382E1B274412007B8278 /* Light心理咨询师 */ = {
			isa = PBXGroup;
			children = (
			);
			name = "Light心理咨询师";
			sourceTree = "<group>";
		};
		0470382F1B274426007B8278 /* Light大师 */ = {
			isa = PBXGroup;
			children = (
			);
			name = "Light大师";
			sourceTree = "<group>";
		};
		047038301B274436007B8278 /* Light律师 */ = {
			isa = PBXGroup;
			children = (
			);
			name = "Light律师";
			sourceTree = "<group>";
		};
		047038311B274468007B8278 /* Light求婚 */ = {
			isa = PBXGroup;
			children = (
			);
			name = "Light求婚";
			sourceTree = "<group>";
		};
		047038321B274471007B8278 /* Light证书墙 */ = {
			isa = PBXGroup;
			children = (
			);
			name = "Light证书墙";
			sourceTree = "<group>";
		};
		047038331B274481007B8278 /* 海外结婚 */ = {
			isa = PBXGroup;
			children = (
			);
			name = "海外结婚";
			sourceTree = "<group>";
		};
		047038341B274491007B8278 /* 学术技能交换 */ = {
			isa = PBXGroup;
			children = (
			);
			name = "学术技能交换";
			sourceTree = "<group>";
		};
		047038351B27449A007B8278 /* Light求职场 */ = {
			isa = PBXGroup;
			children = (
			);
			name = "Light求职场";
			sourceTree = "<group>";
		};
		049E86971B27D58F00FF14FF /* POST */ = {
			isa = PBXGroup;
			children = (
			);
			name = POST;
			sourceTree = "<group>";
		};
		04C5985A1B1C835B004A2FA9 /* LeftView */ = {
			isa = PBXGroup;
			children = (
				0470381D1B273FA1007B8278 /* 个人（大头像） */,
				0470381E1B273FF5007B8278 /* 通知 */,
				0470381F1B274004007B8278 /* 账户 */,
				047038201B27400C007B8278 /* 设置 */,
				047038211B274012007B8278 /* 反馈 */,
				047038221B274018007B8278 /* 关于 */,
			);
			path = LeftView;
			sourceTree = "<group>";
		};
		04C598731B1C8368004A2FA9 /* 主页面 */ = {
			isa = PBXGroup;
			children = (
				04C599061B1CAAC2004A2FA9 /* LightBaseTabController.h */,
				04C599071B1CAAC2004A2FA9 /* LightBaseTabController.m */,
				047038181B273417007B8278 /* 首页 */,
				047038191B273423007B8278 /* 消息 */,
				0470381A1B273486007B8278 /* 求同 */,
				0470381B1B273497007B8278 /* 求爱 */,
				0470381C1B27349E007B8278 /* 求知 */,
			);
			name = "主页面";
			path = MainPage;
			sourceTree = "<group>";
		};
		04C5989E1B1CA30A004A2FA9 /* Main */ = {
			isa = PBXGroup;
			children = (
				04C599091B1CB286004A2FA9 /* left_view.png */,
				04C598A31B1CA30A004A2FA9 /* KPY_48*48_blue.png */,
				04C598A41B1CA30A004A2FA9 /* KPY_48*48_grey.png */,
				04C598A91B1CA30A004A2FA9 /* love_48*48_blue.png */,
				04C598AA1B1CA30A004A2FA9 /* love_48*48_grey.png */,
				04C598AF1B1CA30A004A2FA9 /* KDG_48*48_blue.png */,
				04C598B01B1CA30A004A2FA9 /* KDG_48*48_grey.png */,
				04C598B51B1CA30A004A2FA9 /* MSG_48*48_blue.png */,
				04C598B61B1CA30A004A2FA9 /* MSG_48*48_grey.png */,
				04C598BB1B1CA30A004A2FA9 /* index_48*48_blue.png */,
				04C598BC1B1CA30A004A2FA9 /* index_48*48_grey.png */,
				04C598DB1B1CA55E004A2FA9 /* index_32*32_blue.png */,
				04C598DC1B1CA55E004A2FA9 /* index_24*24_blue.png */,
				04C598DD1B1CA55E004A2FA9 /* index_24*24_grey.png */,
				04C598DE1B1CA55E004A2FA9 /* index_32*32_grey.png */,
				04C598DF1B1CA55E004A2FA9 /* KDG_24*24_grey.png */,
				04C598E01B1CA55E004A2FA9 /* KDG_32*32_grey.png */,
				04C598E11B1CA55E004A2FA9 /* KDG_24*24_blue.png */,
				04C598E21B1CA55E004A2FA9 /* KDG_32*32_blue.png */,
				04C598E31B1CA55E004A2FA9 /* KPY_24*24_blue.png */,
				04C598E41B1CA55E004A2FA9 /* KPY_32*32_blue.png */,
				04C598E51B1CA55E004A2FA9 /* KPY_24*24_grey.png */,
				04C598E61B1CA55E004A2FA9 /* KPY_32*32_grey.png */,
				04C598E71B1CA55E004A2FA9 /* MSG_24*24_grey.png */,
				04C598E81B1CA55E004A2FA9 /* MSG_32*32_grey.png */,
				04C598E91B1CA55E004A2FA9 /* MSG_24*24_blue.png */,
				04C598EA1B1CA55E004A2FA9 /* MSG_32*32_blue.png */,
				04C598EB1B1CA55E004A2FA9 /* love_24*24_blue.png */,
				04C598EC1B1CA55E004A2FA9 /* love_32*32_blue.png */,
				04C598ED1B1CA55E004A2FA9 /* love_24*24_grey.png */,
				04C598EE1B1CA55E004A2FA9 /* love_32*32_grey.png */,
			);
			path = Main;
			sourceTree = "<group>";
		};
/* End PBXGroup section */

/* Begin PBXNativeTarget section */
		043667901B168952009AC914 /* Light-iOS */ = {
			isa = PBXNativeTarget;
			buildConfigurationList = 043667B41B168952009AC914 /* Build configuration list for PBXNativeTarget "Light-iOS" */;
			buildPhases = (
				0436678D1B168952009AC914 /* Sources */,
				0436678E1B168952009AC914 /* Frameworks */,
				0436678F1B168952009AC914 /* Resources */,
			);
			buildRules = (
			);
			dependencies = (
			);
			name = "Light-iOS";
			productName = "Light-iOS";
			productReference = 043667911B168952009AC914 /* Light-iOS.app */;
			productType = "com.apple.product-type.application";
		};
		043667A91B168952009AC914 /* Light-iOSTests */ = {
			isa = PBXNativeTarget;
			buildConfigurationList = 043667B71B168952009AC914 /* Build configuration list for PBXNativeTarget "Light-iOSTests" */;
			buildPhases = (
				043667A61B168952009AC914 /* Sources */,
				043667A71B168952009AC914 /* Frameworks */,
				043667A81B168952009AC914 /* Resources */,
			);
			buildRules = (
			);
			dependencies = (
				043667AC1B168952009AC914 /* PBXTargetDependency */,
			);
			name = "Light-iOSTests";
			productName = "Light-iOSTests";
			productReference = 043667AA1B168952009AC914 /* Light-iOSTests.xctest */;
			productType = "com.apple.product-type.bundle.unit-test";
		};
/* End PBXNativeTarget section */

/* Begin PBXProject section */
		043667891B168952009AC914 /* Project object */ = {
			isa = PBXProject;
			attributes = {
				LastUpgradeCheck = 0630;
				ORGANIZATIONNAME = Light;
				TargetAttributes = {
					043667901B168952009AC914 = {
						CreatedOnToolsVersion = 6.3.2;
					};
					043667A91B168952009AC914 = {
						CreatedOnToolsVersion = 6.3.2;
						TestTargetID = 043667901B168952009AC914;
					};
				};
			};
			buildConfigurationList = 0436678C1B168952009AC914 /* Build configuration list for PBXProject "Light-iOS" */;
			compatibilityVersion = "Xcode 3.2";
			developmentRegion = English;
			hasScannedForEncodings = 0;
			knownRegions = (
				en,
				Base,
			);
			mainGroup = 043667881B168952009AC914;
			productRefGroup = 043667921B168952009AC914 /* Products */;
			projectDirPath = "";
			projectRoot = "";
			targets = (
				043667901B168952009AC914 /* Light-iOS */,
				043667A91B168952009AC914 /* Light-iOSTests */,
			);
		};
/* End PBXProject section */

/* Begin PBXResourcesBuildPhase section */
		0436678F1B168952009AC914 /* Resources */ = {
			isa = PBXResourcesBuildPhase;
			buildActionMask = 2147483647;
			files = (
				04C598C81B1CA30A004A2FA9 /* love_48*48_grey.png in Resources */,
				04C598C21B1CA30A004A2FA9 /* KPY_48*48_grey.png in Resources */,
				04545CE61B27A87D00E128B2 /* Intro03.png in Resources */,
				04C599001B1CA55E004A2FA9 /* love_32*32_blue.png in Resources */,
				04C599021B1CA55E004A2FA9 /* love_32*32_grey.png in Resources */,
				04C598F71B1CA55E004A2FA9 /* KPY_24*24_blue.png in Resources */,
				04C598F11B1CA55E004A2FA9 /* index_24*24_grey.png in Resources */,
				04C598CD1B1CA30A004A2FA9 /* KDG_48*48_blue.png in Resources */,
				04545CE41B27A87D00E128B2 /* Intro01.png in Resources */,
				04C599011B1CA55E004A2FA9 /* love_24*24_grey.png in Resources */,
				04C598DA1B1CA30A004A2FA9 /* index_48*48_grey.png in Resources */,
				04C5990A1B1CB286004A2FA9 /* left_view.png in Resources */,
				04C598D31B1CA30A004A2FA9 /* MSG_48*48_blue.png in Resources */,
				043668071B1A1B75009AC914 /* default_icon.png in Resources */,
				04C598F91B1CA55E004A2FA9 /* KPY_24*24_grey.png in Resources */,
				043667A51B168952009AC914 /* LaunchScreen.xib in Resources */,
				04C598CE1B1CA30A004A2FA9 /* KDG_48*48_grey.png in Resources */,
				04C598FB1B1CA55E004A2FA9 /* MSG_24*24_grey.png in Resources */,
				043667DD1B169B61009AC914 /* blue_login_disable@2x.png in Resources */,
				04C598C71B1CA30A004A2FA9 /* love_48*48_blue.png in Resources */,
				04C598FF1B1CA55E004A2FA9 /* love_24*24_blue.png in Resources */,
				04C598F51B1CA55E004A2FA9 /* KDG_24*24_blue.png in Resources */,
				04C598C11B1CA30A004A2FA9 /* KPY_48*48_blue.png in Resources */,
				04C598D41B1CA30A004A2FA9 /* MSG_48*48_grey.png in Resources */,
				04C598FD1B1CA55E004A2FA9 /* MSG_24*24_blue.png in Resources */,
				04C598F81B1CA55E004A2FA9 /* KPY_32*32_blue.png in Resources */,
				04545CE81B27A87D00E128B2 /* Intro05.png in Resources */,
				04545CE71B27A87D00E128B2 /* Intro04.png in Resources */,
				043667ED1B16D9B9009AC914 /* Images.xcassets in Resources */,
				04C598FA1B1CA55E004A2FA9 /* KPY_32*32_grey.png in Resources */,
				04C598F31B1CA55E004A2FA9 /* KDG_24*24_grey.png in Resources */,
				04C598FC1B1CA55E004A2FA9 /* MSG_32*32_grey.png in Resources */,
				043667E01B169B61009AC914 /* operationbox_text@2x.png in Resources */,
				04C598FE1B1CA55E004A2FA9 /* MSG_32*32_blue.png in Resources */,
				043667DF1B169B61009AC914 /* blue_login_normal@2x.png in Resources */,
				04C598F21B1CA55E004A2FA9 /* index_32*32_grey.png in Resources */,
				04C598D91B1CA30A004A2FA9 /* index_48*48_blue.png in Resources */,
				043667DE1B169B61009AC914 /* blue_login_highlight@2x.png in Resources */,
				04C598F41B1CA55E004A2FA9 /* KDG_32*32_grey.png in Resources */,
				04DF61521B1F2668001AD649 /* LightRegSexViewController.xib in Resources */,
				04C598EF1B1CA55E004A2FA9 /* index_32*32_blue.png in Resources */,
				04545CE51B27A87D00E128B2 /* Intro02.png in Resources */,
				04C598F61B1CA55E004A2FA9 /* KDG_32*32_blue.png in Resources */,
				043668091B1A2B42009AC914 /* login_background.png in Resources */,
				04C598F01B1CA55E004A2FA9 /* index_24*24_blue.png in Resources */,
			);
			runOnlyForDeploymentPostprocessing = 0;
		};
		043667A81B168952009AC914 /* Resources */ = {
			isa = PBXResourcesBuildPhase;
			buildActionMask = 2147483647;
			files = (
			);
			runOnlyForDeploymentPostprocessing = 0;
		};
/* End PBXResourcesBuildPhase section */

/* Begin PBXSourcesBuildPhase section */
		0436678D1B168952009AC914 /* Sources */ = {
			isa = PBXSourcesBuildPhase;
			buildActionMask = 2147483647;
			files = (
				04C598831B1C8368004A2FA9 /* LOVETableViewController.m in Sources */,
				043667F91B1A0E1A009AC914 /* LightTextField.m in Sources */,
				04C598981B1C8377004A2FA9 /* DetailViewController.m in Sources */,
				04C598971B1C8377004A2FA9 /* CPYListTableViewController.m in Sources */,
				04C5986E1B1C835B004A2FA9 /* GuanYuViewController.m in Sources */,
				04C598821B1C8368004A2FA9 /* KDGTableViewController.m in Sources */,
				04C598841B1C8368004A2FA9 /* MSGViewController.m in Sources */,
				04C5986F1B1C835B004A2FA9 /* JuanZhuViewController.m in Sources */,
				04545CC01B27461300E128B2 /* LightIntroView.m in Sources */,
				043667D51B169B56009AC914 /* LightLoginViewController.m in Sources */,
				04C598961B1C8377004A2FA9 /* ChangMobileViewController.m in Sources */,
				04C5986D1B1C835B004A2FA9 /* GuanYuLightViewController.m in Sources */,
				04DF61441B1F157D001AD649 /* LightRegCheckViewController.m in Sources */,
				04545CBD1B2745B500E128B2 /* LightIntroPage.m in Sources */,
				04C598711B1C835B004A2FA9 /* TongZhiTableViewController.m in Sources */,
				04C598801B1C8368004A2FA9 /* CPYTableViewController.m in Sources */,
				04545CDB1B27548C00E128B2 /* LightIndex.m in Sources */,
				0436680D1B1A3988009AC914 /* LightUser.m in Sources */,
				04C598931B1C8377004A2FA9 /* ChangeEmailViewController.m in Sources */,
				04C598701B1C835B004A2FA9 /* SheZhiTableViewController.m in Sources */,
				04DF614D1B1F21A6001AD649 /* LightRegDetailViewController.m in Sources */,
				0436679A1B168952009AC914 /* AppDelegate.m in Sources */,
				046A8CAF1B28B12C00BAAC34 /* IndexCell.m in Sources */,
				04C598851B1C8368004A2FA9 /* ReadMoreViewController.m in Sources */,
				04DF61481B1F1D9B001AD649 /* LightRegSexViewController.m in Sources */,
				04545CDE1B27552700E128B2 /* CommonConfig.m in Sources */,
				04C598591B1C8178004A2FA9 /* ImageScale.m in Sources */,
				043668121B1A419A009AC914 /* LightRegisterViewController.m in Sources */,
				049E86961B27AE6B00FF14FF /* LightAPI.m in Sources */,
				04C5986C1B1C835B004A2FA9 /* GeRenViewController.m in Sources */,
				04545CC31B27467D00E128B2 /* LightIntroViewController.m in Sources */,
				04C5986B1B1C835B004A2FA9 /* FanKuiViewController.m in Sources */,
				04C598941B1C8377004A2FA9 /* ChangePayViewController.m in Sources */,
				04C598951B1C8377004A2FA9 /* ChangePwdViewController.m in Sources */,
				04C598721B1C835B004A2FA9 /* ZhangHuTableViewController.m in Sources */,
				04C599081B1CAAC2004A2FA9 /* LightBaseTabController.m in Sources */,
				043667971B168952009AC914 /* main.m in Sources */,
				04C598811B1C8368004A2FA9 /* IndexViewController.m in Sources */,
			);
			runOnlyForDeploymentPostprocessing = 0;
		};
		043667A61B168952009AC914 /* Sources */ = {
			isa = PBXSourcesBuildPhase;
			buildActionMask = 2147483647;
			files = (
				043667B11B168952009AC914 /* Light_iOSTests.m in Sources */,
			);
			runOnlyForDeploymentPostprocessing = 0;
		};
/* End PBXSourcesBuildPhase section */

/* Begin PBXTargetDependency section */
		043667AC1B168952009AC914 /* PBXTargetDependency */ = {
			isa = PBXTargetDependency;
			target = 043667901B168952009AC914 /* Light-iOS */;
			targetProxy = 043667AB1B168952009AC914 /* PBXContainerItemProxy */;
		};
/* End PBXTargetDependency section */

/* Begin PBXVariantGroup section */
		043667A31B168952009AC914 /* LaunchScreen.xib */ = {
			isa = PBXVariantGroup;
			children = (
				043667A41B168952009AC914 /* Base */,
			);
			name = LaunchScreen.xib;
			sourceTree = "<group>";
		};
/* End PBXVariantGroup section */

/* Begin XCBuildConfiguration section */
		043667B21B168952009AC914 /* Debug */ = {
			isa = XCBuildConfiguration;
			buildSettings = {
				ALWAYS_SEARCH_USER_PATHS = NO;
				CLANG_CXX_LANGUAGE_STANDARD = "gnu++0x";
				CLANG_CXX_LIBRARY = "libc++";
				CLANG_ENABLE_MODULES = YES;
				CLANG_ENABLE_OBJC_ARC = YES;
				CLANG_WARN_BOOL_CONVERSION = YES;
				CLANG_WARN_CONSTANT_CONVERSION = YES;
				CLANG_WARN_DIRECT_OBJC_ISA_USAGE = YES_ERROR;
				CLANG_WARN_EMPTY_BODY = YES;
				CLANG_WARN_ENUM_CONVERSION = YES;
				CLANG_WARN_INT_CONVERSION = YES;
				CLANG_WARN_OBJC_ROOT_CLASS = YES_ERROR;
				CLANG_WARN_UNREACHABLE_CODE = YES;
				CLANG_WARN__DUPLICATE_METHOD_MATCH = YES;
				"CODE_SIGN_IDENTITY[sdk=iphoneos*]" = "iPhone Developer";
				COPY_PHASE_STRIP = NO;
				DEBUG_INFORMATION_FORMAT = "dwarf-with-dsym";
				ENABLE_STRICT_OBJC_MSGSEND = YES;
				GCC_C_LANGUAGE_STANDARD = gnu99;
				GCC_DYNAMIC_NO_PIC = NO;
				GCC_NO_COMMON_BLOCKS = YES;
				GCC_OPTIMIZATION_LEVEL = 0;
				GCC_PREPROCESSOR_DEFINITIONS = (
					"DEBUG=1",
					"$(inherited)",
				);
				GCC_SYMBOLS_PRIVATE_EXTERN = NO;
				GCC_WARN_64_TO_32_BIT_CONVERSION = YES;
				GCC_WARN_ABOUT_RETURN_TYPE = YES_ERROR;
				GCC_WARN_UNDECLARED_SELECTOR = YES;
				GCC_WARN_UNINITIALIZED_AUTOS = YES_AGGRESSIVE;
				GCC_WARN_UNUSED_FUNCTION = YES;
				GCC_WARN_UNUSED_VARIABLE = YES;
				IPHONEOS_DEPLOYMENT_TARGET = 8.1;
				MTL_ENABLE_DEBUG_INFO = YES;
				ONLY_ACTIVE_ARCH = YES;
				SDKROOT = iphoneos;
				TARGETED_DEVICE_FAMILY = "1,2";
			};
			name = Debug;
		};
		043667B31B168952009AC914 /* Release */ = {
			isa = XCBuildConfiguration;
			buildSettings = {
				ALWAYS_SEARCH_USER_PATHS = NO;
				CLANG_CXX_LANGUAGE_STANDARD = "gnu++0x";
				CLANG_CXX_LIBRARY = "libc++";
				CLANG_ENABLE_MODULES = YES;
				CLANG_ENABLE_OBJC_ARC = YES;
				CLANG_WARN_BOOL_CONVERSION = YES;
				CLANG_WARN_CONSTANT_CONVERSION = YES;
				CLANG_WARN_DIRECT_OBJC_ISA_USAGE = YES_ERROR;
				CLANG_WARN_EMPTY_BODY = YES;
				CLANG_WARN_ENUM_CONVERSION = YES;
				CLANG_WARN_INT_CONVERSION = YES;
				CLANG_WARN_OBJC_ROOT_CLASS = YES_ERROR;
				CLANG_WARN_UNREACHABLE_CODE = YES;
				CLANG_WARN__DUPLICATE_METHOD_MATCH = YES;
				"CODE_SIGN_IDENTITY[sdk=iphoneos*]" = "iPhone Developer";
				COPY_PHASE_STRIP = NO;
				DEBUG_INFORMATION_FORMAT = "dwarf-with-dsym";
				ENABLE_NS_ASSERTIONS = NO;
				ENABLE_STRICT_OBJC_MSGSEND = YES;
				GCC_C_LANGUAGE_STANDARD = gnu99;
				GCC_NO_COMMON_BLOCKS = YES;
				GCC_WARN_64_TO_32_BIT_CONVERSION = YES;
				GCC_WARN_ABOUT_RETURN_TYPE = YES_ERROR;
				GCC_WARN_UNDECLARED_SELECTOR = YES;
				GCC_WARN_UNINITIALIZED_AUTOS = YES_AGGRESSIVE;
				GCC_WARN_UNUSED_FUNCTION = YES;
				GCC_WARN_UNUSED_VARIABLE = YES;
				IPHONEOS_DEPLOYMENT_TARGET = 8.1;
				MTL_ENABLE_DEBUG_INFO = NO;
				SDKROOT = iphoneos;
				TARGETED_DEVICE_FAMILY = "1,2";
				VALIDATE_PRODUCT = YES;
			};
			name = Release;
		};
		043667B51B168952009AC914 /* Debug */ = {
			isa = XCBuildConfiguration;
			buildSettings = {
				ASSETCATALOG_COMPILER_APPICON_NAME = AppIcon;
				CLANG_ENABLE_OBJC_ARC = NO;
				FRAMEWORK_SEARCH_PATHS = (
					"$(inherited)",
					"$(PROJECT_DIR)/Light-iOS",
				);
				INFOPLIST_FILE = "Light-iOS/Info.plist";
				LD_RUNPATH_SEARCH_PATHS = "$(inherited) @executable_path/Frameworks";
				PRODUCT_NAME = "$(TARGET_NAME)";
			};
			name = Debug;
		};
		043667B61B168952009AC914 /* Release */ = {
			isa = XCBuildConfiguration;
			buildSettings = {
				ASSETCATALOG_COMPILER_APPICON_NAME = AppIcon;
				CLANG_ENABLE_OBJC_ARC = NO;
				FRAMEWORK_SEARCH_PATHS = (
					"$(inherited)",
					"$(PROJECT_DIR)/Light-iOS",
				);
				INFOPLIST_FILE = "Light-iOS/Info.plist";
				LD_RUNPATH_SEARCH_PATHS = "$(inherited) @executable_path/Frameworks";
				PRODUCT_NAME = "$(TARGET_NAME)";
			};
			name = Release;
		};
		043667B81B168952009AC914 /* Debug */ = {
			isa = XCBuildConfiguration;
			buildSettings = {
				BUNDLE_LOADER = "$(TEST_HOST)";
				FRAMEWORK_SEARCH_PATHS = (
					"$(SDKROOT)/Developer/Library/Frameworks",
					"$(inherited)",
				);
				GCC_PREPROCESSOR_DEFINITIONS = (
					"DEBUG=1",
					"$(inherited)",
				);
				INFOPLIST_FILE = "Light-iOSTests/Info.plist";
				LD_RUNPATH_SEARCH_PATHS = "$(inherited) @executable_path/Frameworks @loader_path/Frameworks";
				PRODUCT_NAME = "$(TARGET_NAME)";
				TEST_HOST = "$(BUILT_PRODUCTS_DIR)/Light-iOS.app/Light-iOS";
			};
			name = Debug;
		};
		043667B91B168952009AC914 /* Release */ = {
			isa = XCBuildConfiguration;
			buildSettings = {
				BUNDLE_LOADER = "$(TEST_HOST)";
				FRAMEWORK_SEARCH_PATHS = (
					"$(SDKROOT)/Developer/Library/Frameworks",
					"$(inherited)",
				);
				INFOPLIST_FILE = "Light-iOSTests/Info.plist";
				LD_RUNPATH_SEARCH_PATHS = "$(inherited) @executable_path/Frameworks @loader_path/Frameworks";
				PRODUCT_NAME = "$(TARGET_NAME)";
				TEST_HOST = "$(BUILT_PRODUCTS_DIR)/Light-iOS.app/Light-iOS";
			};
			name = Release;
		};
		047ED6C31B230A6A00885F68 /* ad hoc distribution */ = {
			isa = XCBuildConfiguration;
			buildSettings = {
				ALWAYS_SEARCH_USER_PATHS = NO;
				CLANG_CXX_LANGUAGE_STANDARD = "gnu++0x";
				CLANG_CXX_LIBRARY = "libc++";
				CLANG_ENABLE_MODULES = YES;
				CLANG_ENABLE_OBJC_ARC = YES;
				CLANG_WARN_BOOL_CONVERSION = YES;
				CLANG_WARN_CONSTANT_CONVERSION = YES;
				CLANG_WARN_DIRECT_OBJC_ISA_USAGE = YES_ERROR;
				CLANG_WARN_EMPTY_BODY = YES;
				CLANG_WARN_ENUM_CONVERSION = YES;
				CLANG_WARN_INT_CONVERSION = YES;
				CLANG_WARN_OBJC_ROOT_CLASS = YES_ERROR;
				CLANG_WARN_UNREACHABLE_CODE = YES;
				CLANG_WARN__DUPLICATE_METHOD_MATCH = YES;
				"CODE_SIGN_IDENTITY[sdk=iphoneos*]" = "iPhone Developer";
				COPY_PHASE_STRIP = NO;
				DEBUG_INFORMATION_FORMAT = "dwarf-with-dsym";
				ENABLE_NS_ASSERTIONS = NO;
				ENABLE_STRICT_OBJC_MSGSEND = YES;
				GCC_C_LANGUAGE_STANDARD = gnu99;
				GCC_NO_COMMON_BLOCKS = YES;
				GCC_WARN_64_TO_32_BIT_CONVERSION = YES;
				GCC_WARN_ABOUT_RETURN_TYPE = YES_ERROR;
				GCC_WARN_UNDECLARED_SELECTOR = YES;
				GCC_WARN_UNINITIALIZED_AUTOS = YES_AGGRESSIVE;
				GCC_WARN_UNUSED_FUNCTION = YES;
				GCC_WARN_UNUSED_VARIABLE = YES;
				IPHONEOS_DEPLOYMENT_TARGET = 8.1;
				MTL_ENABLE_DEBUG_INFO = NO;
				SDKROOT = iphoneos;
				TARGETED_DEVICE_FAMILY = "1,2";
				VALIDATE_PRODUCT = YES;
			};
			name = "ad hoc distribution";
		};
		047ED6C41B230A6A00885F68 /* ad hoc distribution */ = {
			isa = XCBuildConfiguration;
			buildSettings = {
				ASSETCATALOG_COMPILER_APPICON_NAME = AppIcon;
				CLANG_ENABLE_OBJC_ARC = NO;
				CODE_SIGN_IDENTITY = "iPhone Developer: Yiying Shao (A786KR2YL9)";
				FRAMEWORK_SEARCH_PATHS = (
					"$(inherited)",
					"$(PROJECT_DIR)/Light-iOS",
				);
				INFOPLIST_FILE = "Light-iOS/Info.plist";
				LD_RUNPATH_SEARCH_PATHS = "$(inherited) @executable_path/Frameworks";
				PRODUCT_NAME = "$(TARGET_NAME)";
			};
			name = "ad hoc distribution";
		};
		047ED6C51B230A6A00885F68 /* ad hoc distribution */ = {
			isa = XCBuildConfiguration;
			buildSettings = {
				BUNDLE_LOADER = "$(TEST_HOST)";
				FRAMEWORK_SEARCH_PATHS = (
					"$(SDKROOT)/Developer/Library/Frameworks",
					"$(inherited)",
				);
				INFOPLIST_FILE = "Light-iOSTests/Info.plist";
				LD_RUNPATH_SEARCH_PATHS = "$(inherited) @executable_path/Frameworks @loader_path/Frameworks";
				PRODUCT_NAME = "$(TARGET_NAME)";
				TEST_HOST = "$(BUILT_PRODUCTS_DIR)/Light-iOS.app/Light-iOS";
			};
			name = "ad hoc distribution";
		};
/* End XCBuildConfiguration section */

/* Begin XCConfigurationList section */
		0436678C1B168952009AC914 /* Build configuration list for PBXProject "Light-iOS" */ = {
			isa = XCConfigurationList;
			buildConfigurations = (
				043667B21B168952009AC914 /* Debug */,
				043667B31B168952009AC914 /* Release */,
				047ED6C31B230A6A00885F68 /* ad hoc distribution */,
			);
			defaultConfigurationIsVisible = 0;
			defaultConfigurationName = Release;
		};
		043667B41B168952009AC914 /* Build configuration list for PBXNativeTarget "Light-iOS" */ = {
			isa = XCConfigurationList;
			buildConfigurations = (
				043667B51B168952009AC914 /* Debug */,
				043667B61B168952009AC914 /* Release */,
				047ED6C41B230A6A00885F68 /* ad hoc distribution */,
			);
			defaultConfigurationIsVisible = 0;
			defaultConfigurationName = Release;
		};
		043667B71B168952009AC914 /* Build configuration list for PBXNativeTarget "Light-iOSTests" */ = {
			isa = XCConfigurationList;
			buildConfigurations = (
				043667B81B168952009AC914 /* Debug */,
				043667B91B168952009AC914 /* Release */,
				047ED6C51B230A6A00885F68 /* ad hoc distribution */,
			);
			defaultConfigurationIsVisible = 0;
			defaultConfigurationName = Release;
		};
/* End XCConfigurationList section */
	};
	rootObject = 043667891B168952009AC914 /* Project object */;
}
